{
  "name": "spmit",
  "version": "1.0.0",
  "lockfileVersion": 1,
  "requires": true,
  "dependencies": {
    "@lordfriend/nya-bootstrap-select": {
      "version": "2.4.0",
      "resolved": "https://registry.npmjs.org/@lordfriend/nya-bootstrap-select/-/nya-bootstrap-select-2.4.0.tgz",
      "integrity": "sha1-RZn7ZK73u5ad2nAWJV/jDE+h+E0="
    },
    "angular": {
      "version": "1.6.7",
      "resolved": "https://registry.npmjs.org/angular/-/angular-1.6.7.tgz",
      "integrity": "sha1-D4mDfa4XdrAcyx+iCW2w2Tc9mJc="
    },
    "angular-animate": {
      "version": "1.6.7",
      "resolved": "https://registry.npmjs.org/angular-animate/-/angular-animate-1.6.7.tgz",
      "integrity": "sha1-vG2+ahkNAZpvuyxzc9QPAc/XWJk="
    },
    "angular-aria": {
      "version": "1.6.7",
      "resolved": "https://registry.npmjs.org/angular-aria/-/angular-aria-1.6.7.tgz",
      "integrity": "sha1-oQihD8ZhaRT25WpsIHLah/Tm00I="
    },
    "angular-material": {
      "version": "1.1.5",
      "resolved": "https://registry.npmjs.org/angular-material/-/angular-material-1.1.5.tgz",
      "integrity": "sha1-pUUM2CBeFadpHtw4lHYJTPhtWSs="
    },
    "angular-messages": {
      "version": "1.6.6",
      "resolved": "https://registry.npmjs.org/angular-messages/-/angular-messages-1.6.6.tgz",
      "integrity": "sha1-qbs/xflx10XNOjvbqrxvH03rE/M="
    },
    "angular-sanitize": {
      "version": "1.6.6",
      "resolved": "https://registry.npmjs.org/angular-sanitize/-/angular-sanitize-1.6.6.tgz",
      "integrity": "sha1-D9BloZkxUX++zmZZbTJdcrbgYEE="
    },
    "angular-utils-pagination": {
      "version": "0.11.1",
      "resolved": "https://registry.npmjs.org/angular-utils-pagination/-/angular-utils-pagination-0.11.1.tgz",
      "integrity": "sha1-7618iHm+swrT13cH+T49DvUfLGY="
    },
    "angularjs": {
      "version": "0.0.1",
      "resolved": "https://registry.npmjs.org/angularjs/-/angularjs-0.0.1.tgz",
      "integrity": "sha1-SW9QxxQVFedB6pdt6JHe8IOLPxk="
    },
    "moment": {
      "version": "2.19.3",
      "resolved": "https://registry.npmjs.org/moment/-/moment-2.19.3.tgz",
      "integrity": "sha1-vbmdJw1tf9p4zA+6zoVeJ/59pp8="
    },
    "ng-material-datetimepicker": {
      "version": "1.9.6",
      "resolved": "https://registry.npmjs.org/ng-material-datetimepicker/-/ng-material-datetimepicker-1.9.6.tgz",
      "integrity": "sha512-YGouQSxSd9U/iKwAHO1S0zSjah6DkK8L+FWDQI5fhlwL1N4AojjHx2DucoXtKnbXYNZTG07i4FS2cjuPX8sOSQ==",
      "requires": {
        "angular": "1.6.7",
        "angular-animate": "1.6.7",
        "angular-aria": "1.6.7",
        "angular-material": "1.1.5",
        "moment": "2.19.3"
      }
    },
    "ui-select": {
      "version": "0.19.8",
      "resolved": "https://registry.npmjs.org/ui-select/-/ui-select-0.19.8.tgz",
      "integrity": "sha1-dIYISKf9i8SU2YVtL2J3bqmGN8E="
    }
  }
}
